
Microsoft Visual Studio Solution File, Format Version 12.00
# Visual Studio Version 17
VisualStudioVersion = 17.1.32228.430
MinimumVisualStudioVersion = 10.0.40219.1
Project("{FAE04EC0-301F-11D3-BF4B-00C04F79EFBC}") = "Emotion Creators", "src\Emotion Creators\Emotion Creators.csproj", "{5AF75EC6-4B19-4507-AF25-742AFBCBF45D}"
EndProject
Project("{FAE04EC0-301F-11D3-BF4B-00C04F79EFBC}") = "HoneySelect", "src\HoneySelect\HoneySelect.csproj", "{91F6B54E-6A85-486F-8BF3-5920D838F030}"
EndProject
Project("{FAE04EC0-301F-11D3-BF4B-00C04F79EFBC}") = "AI Shoujo", "src\AI Shoujo\AI Shoujo.csproj", "{6F62CF98-EB11-4FF2-8370-0B946CA337E5}"
EndProject
Project("{FAE04EC0-301F-11D3-BF4B-00C04F79EFBC}") = "PlayHome", "src\PlayHome\PlayHome.csproj", "{561F2722-A3EA-40ED-A5D0-982ED26118B9}"
EndProject
Project("{FAE04EC0-301F-11D3-BF4B-00C04F79EFBC}") = "Koikatsu", "src\Koikatsu\Koikatsu.csproj", "{687A6B4F-F433-40B0-B1F5-CC15F7437B14}"
EndProject
Project("{D954291E-2A0B-460D-934E-DC6B0785DB48}") = "SharedCode", "src\SharedCode\SharedCode.shproj", "{8BF2798D-FD00-4483-95EE-DC37A599E6FD}"
EndProject
Project("{FAE04EC0-301F-11D3-BF4B-00C04F79EFBC}") = "Koikatsu Party", "src\Koikatsu Party\Koikatsu Party.csproj", "{719350AD-52F8-4752-8360-35C1EA196D42}"
EndProject
Project("{FAE04EC0-301F-11D3-BF4B-00C04F79EFBC}") = "AI Shoujo Steam", "src\AI Shoujo Steam\AI Shoujo Steam.csproj", "{ED03C79C-7B7D-4DB5-B3A4-17586925F12D}"
EndProject
Project("{FAE04EC0-301F-11D3-BF4B-00C04F79EFBC}") = "SBPR", "src\Sexy Beach Premium Resort\SBPR.csproj", "{1D2166E2-4DA0-4FD6-A28D-7EBBEF40955B}"
EndProject
Project("{FAE04EC0-301F-11D3-BF4B-00C04F79EFBC}") = "HoneySelect 2", "src\HoneySelect 2\HoneySelect 2.csproj", "{7C713600-69B2-48AE-B805-A7BBF3408D69}"
EndProject
Project("{FAE04EC0-301F-11D3-BF4B-00C04F79EFBC}") = "PlayClub", "src\PlayClub\PlayClub.csproj", "{47A3BE13-4CB4-4322-83F7-A4703CACEED9}"
EndProject
Project("{FAE04EC0-301F-11D3-BF4B-00C04F79EFBC}") = "HaremMate", "src\HaremMate\HaremMate.csproj", "{BB0A856A-6604-42DC-9248-D760F9D24ACA}"
EndProject
Project("{FAE04EC0-301F-11D3-BF4B-00C04F79EFBC}") = "Koikatsu Sunshine", "src\Koikatsu Sunshine\Koikatsu Sunshine.csproj", "{CE50D875-F13C-4820-BDC1-EE87350E6DB6}"
EndProject
Project("{FAE04EC0-301F-11D3-BF4B-00C04F79EFBC}") = "HoneySelect 2 Steam", "src\HoneySelect 2 Steam\HoneySelect 2 Steam.csproj", "{0F194AF1-D54E-45F3-A66A-6AEE8E1C67D5}"
EndProject
Project("{FAE04EC0-301F-11D3-BF4B-00C04F79EFBC}") = "RoomGirl", "src\RoomGirl\RoomGirl.csproj", "{E4335252-2B41-420F-BFF1-7085A6850DAF}"
EndProject
Project("{FAE04EC0-301F-11D3-BF4B-00C04F79EFBC}") = "HoneyCome", "src\HoneyCome\HoneyCome.csproj", "{451C3F56-F7BD-4E96-BA26-09DAC4630B71}"
EndProject
Global
	GlobalSection(SolutionConfigurationPlatforms) = preSolution
		Debug|Any CPU = Debug|Any CPU
		Release|Any CPU = Release|Any CPU
	EndGlobalSection
	GlobalSection(ProjectConfigurationPlatforms) = postSolution
		{5AF75EC6-4B19-4507-AF25-742AFBCBF45D}.Debug|Any CPU.ActiveCfg = Debug|Any CPU
		{5AF75EC6-4B19-4507-AF25-742AFBCBF45D}.Debug|Any CPU.Build.0 = Debug|Any CPU
		{5AF75EC6-4B19-4507-AF25-742AFBCBF45D}.Release|Any CPU.ActiveCfg = Release|Any CPU
		{5AF75EC6-4B19-4507-AF25-742AFBCBF45D}.Release|Any CPU.Build.0 = Release|Any CPU
		{91F6B54E-6A85-486F-8BF3-5920D838F030}.Debug|Any CPU.ActiveCfg = Debug|Any CPU
		{91F6B54E-6A85-486F-8BF3-5920D838F030}.Debug|Any CPU.Build.0 = Debug|Any CPU
		{91F6B54E-6A85-486F-8BF3-5920D838F030}.Release|Any CPU.ActiveCfg = Release|Any CPU
		{91F6B54E-6A85-486F-8BF3-5920D838F030}.Release|Any CPU.Build.0 = Release|Any CPU
		{6F62CF98-EB11-4FF2-8370-0B946CA337E5}.Debug|Any CPU.ActiveCfg = Debug|Any CPU
		{6F62CF98-EB11-4FF2-8370-0B946CA337E5}.Debug|Any CPU.Build.0 = Debug|Any CPU
		{6F62CF98-EB11-4FF2-8370-0B946CA337E5}.Release|Any CPU.ActiveCfg = Release|Any CPU
		{6F62CF98-EB11-4FF2-8370-0B946CA337E5}.Release|Any CPU.Build.0 = Release|Any CPU
		{561F2722-A3EA-40ED-A5D0-982ED26118B9}.Debug|Any CPU.ActiveCfg = Debug|Any CPU
		{561F2722-A3EA-40ED-A5D0-982ED26118B9}.Debug|Any CPU.Build.0 = Debug|Any CPU
		{561F2722-A3EA-40ED-A5D0-982ED26118B9}.Release|Any CPU.ActiveCfg = Release|Any CPU
		{561F2722-A3EA-40ED-A5D0-982ED26118B9}.Release|Any CPU.Build.0 = Release|Any CPU
		{687A6B4F-F433-40B0-B1F5-CC15F7437B14}.Debug|Any CPU.ActiveCfg = Debug|Any CPU
		{687A6B4F-F433-40B0-B1F5-CC15F7437B14}.Debug|Any CPU.Build.0 = Debug|Any CPU
		{687A6B4F-F433-40B0-B1F5-CC15F7437B14}.Release|Any CPU.ActiveCfg = Release|Any CPU
		{687A6B4F-F433-40B0-B1F5-CC15F7437B14}.Release|Any CPU.Build.0 = Release|Any CPU
		{719350AD-52F8-4752-8360-35C1EA196D42}.Debug|Any CPU.ActiveCfg = Debug|Any CPU
		{719350AD-52F8-4752-8360-35C1EA196D42}.Debug|Any CPU.Build.0 = Debug|Any CPU
		{719350AD-52F8-4752-8360-35C1EA196D42}.Release|Any CPU.ActiveCfg = Release|Any CPU
		{719350AD-52F8-4752-8360-35C1EA196D42}.Release|Any CPU.Build.0 = Release|Any CPU
		{ED03C79C-7B7D-4DB5-B3A4-17586925F12D}.Debug|Any CPU.ActiveCfg = Debug|Any CPU
		{ED03C79C-7B7D-4DB5-B3A4-17586925F12D}.Debug|Any CPU.Build.0 = Debug|Any CPU
		{ED03C79C-7B7D-4DB5-B3A4-17586925F12D}.Release|Any CPU.ActiveCfg = Release|Any CPU
		{ED03C79C-7B7D-4DB5-B3A4-17586925F12D}.Release|Any CPU.Build.0 = Release|Any CPU
		{1D2166E2-4DA0-4FD6-A28D-7EBBEF40955B}.Debug|Any CPU.ActiveCfg = Debug|Any CPU
		{1D2166E2-4DA0-4FD6-A28D-7EBBEF40955B}.Debug|Any CPU.Build.0 = Debug|Any CPU
		{1D2166E2-4DA0-4FD6-A28D-7EBBEF40955B}.Release|Any CPU.ActiveCfg = Release|Any CPU
		{1D2166E2-4DA0-4FD6-A28D-7EBBEF40955B}.Release|Any CPU.Build.0 = Release|Any CPU
		{7C713600-69B2-48AE-B805-A7BBF3408D69}.Debug|Any CPU.ActiveCfg = Debug|Any CPU
		{7C713600-69B2-48AE-B805-A7BBF3408D69}.Debug|Any CPU.Build.0 = Debug|Any CPU
		{7C713600-69B2-48AE-B805-A7BBF3408D69}.Release|Any CPU.ActiveCfg = Release|Any CPU
		{7C713600-69B2-48AE-B805-A7BBF3408D69}.Release|Any CPU.Build.0 = Release|Any CPU
		{47A3BE13-4CB4-4322-83F7-A4703CACEED9}.Debug|Any CPU.ActiveCfg = Debug|Any CPU
		{47A3BE13-4CB4-4322-83F7-A4703CACEED9}.Debug|Any CPU.Build.0 = Debug|Any CPU
		{47A3BE13-4CB4-4322-83F7-A4703CACEED9}.Release|Any CPU.ActiveCfg = Release|Any CPU
		{47A3BE13-4CB4-4322-83F7-A4703CACEED9}.Release|Any CPU.Build.0 = Release|Any CPU
		{BB0A856A-6604-42DC-9248-D760F9D24ACA}.Debug|Any CPU.ActiveCfg = Debug|Any CPU
		{BB0A856A-6604-42DC-9248-D760F9D24ACA}.Debug|Any CPU.Build.0 = Debug|Any CPU
		{BB0A856A-6604-42DC-9248-D760F9D24ACA}.Release|Any CPU.ActiveCfg = Release|Any CPU
		{BB0A856A-6604-42DC-9248-D760F9D24ACA}.Release|Any CPU.Build.0 = Release|Any CPU
		{CE50D875-F13C-4820-BDC1-EE87350E6DB6}.Debug|Any CPU.ActiveCfg = Debug|Any CPU
		{CE50D875-F13C-4820-BDC1-EE87350E6DB6}.Debug|Any CPU.Build.0 = Debug|Any CPU
		{CE50D875-F13C-4820-BDC1-EE87350E6DB6}.Release|Any CPU.ActiveCfg = Release|Any CPU
		{CE50D875-F13C-4820-BDC1-EE87350E6DB6}.Release|Any CPU.Build.0 = Release|Any CPU
		{0F194AF1-D54E-45F3-A66A-6AEE8E1C67D5}.Debug|Any CPU.ActiveCfg = Debug|Any CPU
		{0F194AF1-D54E-45F3-A66A-6AEE8E1C67D5}.Debug|Any CPU.Build.0 = Debug|Any CPU
		{0F194AF1-D54E-45F3-A66A-6AEE8E1C67D5}.Release|Any CPU.ActiveCfg = Release|Any CPU
		{0F194AF1-D54E-45F3-A66A-6AEE8E1C67D5}.Release|Any CPU.Build.0 = Release|Any CPU
		{E4335252-2B41-420F-BFF1-7085A6850DAF}.Debug|Any CPU.ActiveCfg = Debug|Any CPU
		{E4335252-2B41-420F-BFF1-7085A6850DAF}.Debug|Any CPU.Build.0 = Debug|Any CPU
		{E4335252-2B41-420F-BFF1-7085A6850DAF}.Release|Any CPU.ActiveCfg = Release|Any CPU
		{E4335252-2B41-420F-BFF1-7085A6850DAF}.Release|Any CPU.Build.0 = Release|Any CPU
		{451C3F56-F7BD-4E96-BA26-09DAC4630B71}.Debug|Any CPU.ActiveCfg = Debug|Any CPU
		{451C3F56-F7BD-4E96-BA26-09DAC4630B71}.Debug|Any CPU.Build.0 = Debug|Any CPU
		{451C3F56-F7BD-4E96-BA26-09DAC4630B71}.Release|Any CPU.ActiveCfg = Release|Any CPU
		{451C3F56-F7BD-4E96-BA26-09DAC4630B71}.Release|Any CPU.Build.0 = Release|Any CPU
	EndGlobalSection
	GlobalSection(SolutionProperties) = preSolution
		HideSolutionNode = FALSE
	EndGlobalSection
	GlobalSection(ExtensibilityGlobals) = postSolution
		SolutionGuid = {053D8C5C-E4D8-40B5-8463-61C93DEB0517}
	EndGlobalSection
	GlobalSection(SharedMSBuildProjectFiles) = preSolution
		src\SharedCode\SharedCode.projitems*{0f194af1-d54e-45f3-a66a-6aee8e1c67d5}*SharedItemsImports = 4
		src\SharedCode\SharedCode.projitems*{1d2166e2-4da0-4fd6-a28d-7ebbef40955b}*SharedItemsImports = 4
		src\SharedCode\SharedCode.projitems*{451c3f56-f7bd-4e96-ba26-09dac4630b71}*SharedItemsImports = 4
		src\SharedCode\SharedCode.projitems*{47a3be13-4cb4-4322-83f7-a4703caceed9}*SharedItemsImports = 4
		src\SharedCode\SharedCode.projitems*{561f2722-a3ea-40ed-a5d0-982ed26118b9}*SharedItemsImports = 4
		src\SharedCode\SharedCode.projitems*{5af75ec6-4b19-4507-af25-742afbcbf45d}*SharedItemsImports = 4
		src\SharedCode\SharedCode.projitems*{687a6b4f-f433-40b0-b1f5-cc15f7437b14}*SharedItemsImports = 4
		src\SharedCode\SharedCode.projitems*{6f62cf98-eb11-4ff2-8370-0b946ca337e5}*SharedItemsImports = 4
		src\SharedCode\SharedCode.projitems*{719350ad-52f8-4752-8360-35c1ea196d42}*SharedItemsImports = 4
		src\SharedCode\SharedCode.projitems*{7c713600-69b2-48ae-b805-a7bbf3408d69}*SharedItemsImports = 4
		src\SharedCode\SharedCode.projitems*{8bf2798d-fd00-4483-95ee-dc37a599e6fd}*SharedItemsImports = 13
		src\SharedCode\SharedCode.projitems*{91f6b54e-6a85-486f-8bf3-5920d838f030}*SharedItemsImports = 4
		src\SharedCode\SharedCode.projitems*{bb0a856a-6604-42dc-9248-d760f9d24aca}*SharedItemsImports = 4
		src\SharedCode\SharedCode.projitems*{ce50d875-f13c-4820-bdc1-ee87350e6db6}*SharedItemsImports = 4
		src\SharedCode\SharedCode.projitems*{e4335252-2b41-420f-bff1-7085a6850daf}*SharedItemsImports = 4
		src\SharedCode\SharedCode.projitems*{ed03c79c-7b7d-4db5-b3a4-17586925f12d}*SharedItemsImports = 4
	EndGlobalSection
EndGlobal
